PODS:
  - CoreDataGenericModule (1.0.0):
    - RNCryptor (~> 5.0.0)
  - RNCryptor (5.0.1)

DEPENDENCIES:
  - CoreDataGenericModule (from `https://github.com/ArtCC/CoreDataGenericModule.git`)

EXTERNAL SOURCES:
  CoreDataGenericModule:
    :git: https://github.com/ArtCC/CoreDataGenericModule.git

CHECKOUT OPTIONS:
  CoreDataGenericModule:
    :commit: 08fd47a7f04339e81bf0b489c8ddeabcfa0f2ac5
    :git: https://github.com/ArtCC/CoreDataGenericModule.git

SPEC CHECKSUMS:
  CoreDataGenericModule: aa900c6f8b489fd051bb3328f222ae558bf1cdfa
  RNCryptor: 2e352a488779d1a9184ab629be22a7c5bc84acb5

PODFILE CHECKSUM: b78bf161be89bff2fafc0cb7d22950b543040ff8

COCOAPODS: 1.1.0.rc.2
