// !$*UTF8*$!
{
	archiveVersion = 1;
	classes = {
	};
	objectVersion = 46;
	objects = {

/* Begin PBXBuildFile section */
		0CCCB133859613EAFF1FA32C /* Pods_CoreDataDemo.framework in Frameworks */ = {isa = PBXBuildFile; fileRef = 48CC08F672D4466C58667248 /* Pods_CoreDataDemo.framework */; };
		6923615E1DC21BFF000E7868 /* User.swift in Sources */ = {isa = PBXBuildFile; fileRef = 6923615D1DC21BFF000E7868 /* User.swift */; };
		698ED7311DC216E1002D0D85 /* AppDelegate.swift in Sources */ = {isa = PBXBuildFile; fileRef = 698ED7301DC216E1002D0D85 /* AppDelegate.swift */; };
		698ED7331DC216E1002D0D85 /* ViewController.swift in Sources */ = {isa = PBXBuildFile; fileRef = 698ED7321DC216E1002D0D85 /* ViewController.swift */; };
		698ED7361DC216E1002D0D85 /* Main.storyboard in Resources */ = {isa = PBXBuildFile; fileRef = 698ED7341DC216E1002D0D85 /* Main.storyboard */; };
		698ED7381DC216E1002D0D85 /* Assets.xcassets in Resources */ = {isa = PBXBuildFile; fileRef = 698ED7371DC216E1002D0D85 /* Assets.xcassets */; };
		698ED73B1DC216E1002D0D85 /* LaunchScreen.storyboard in Resources */ = {isa = PBXBuildFile; fileRef = 698ED7391DC216E1002D0D85 /* LaunchScreen.storyboard */; };
/* End PBXBuildFile section */

/* Begin PBXFileReference section */
		0A1E14109BBBC88B8FE50D71 /* Pods-CoreDataDemo.debug.xcconfig */ = {isa = PBXFileReference; includeInIndex = 1; lastKnownFileType = text.xcconfig; name = "Pods-CoreDataDemo.debug.xcconfig"; path = "Pods/Target Support Files/Pods-CoreDataDemo/Pods-CoreDataDemo.debug.xcconfig"; sourceTree = "<group>"; };
		48CC08F672D4466C58667248 /* Pods_CoreDataDemo.framework */ = {isa = PBXFileReference; explicitFileType = wrapper.framework; includeInIndex = 0; path = Pods_CoreDataDemo.framework; sourceTree = BUILT_PRODUCTS_DIR; };
		6923615D1DC21BFF000E7868 /* User.swift */ = {isa = PBXFileReference; fileEncoding = 4; lastKnownFileType = sourcecode.swift; path = User.swift; sourceTree = "<group>"; };
		698ED72D1DC216E1002D0D85 /* CoreDataDemo.app */ = {isa = PBXFileReference; explicitFileType = wrapper.application; includeInIndex = 0; path = CoreDataDemo.app; sourceTree = BUILT_PRODUCTS_DIR; };
		698ED7301DC216E1002D0D85 /* AppDelegate.swift */ = {isa = PBXFileReference; lastKnownFileType = sourcecode.swift; path = AppDelegate.swift; sourceTree = "<group>"; };
		698ED7321DC216E1002D0D85 /* ViewController.swift */ = {isa = PBXFileReference; lastKnownFileType = sourcecode.swift; path = ViewController.swift; sourceTree = "<group>"; };
		698ED7351DC216E1002D0D85 /* Base */ = {isa = PBXFileReference; lastKnownFileType = file.storyboard; name = Base; path = Base.lproj/Main.storyboard; sourceTree = "<group>"; };
		698ED7371DC216E1002D0D85 /* Assets.xcassets */ = {isa = PBXFileReference; lastKnownFileType = folder.assetcatalog; path = Assets.xcassets; sourceTree = "<group>"; };
		698ED73A1DC216E1002D0D85 /* Base */ = {isa = PBXFileReference; lastKnownFileType = file.storyboard; name = Base; path = Base.lproj/LaunchScreen.storyboard; sourceTree = "<group>"; };
		698ED73C1DC216E1002D0D85 /* Info.plist */ = {isa = PBXFileReference; lastKnownFileType = text.plist.xml; path = Info.plist; sourceTree = "<group>"; };
		6E6AD0265675D798F277F2D7 /* Pods-CoreDataDemo.release.xcconfig */ = {isa = PBXFileReference; includeInIndex = 1; lastKnownFileType = text.xcconfig; name = "Pods-CoreDataDemo.release.xcconfig"; path = "Pods/Target Support Files/Pods-CoreDataDemo/Pods-CoreDataDemo.release.xcconfig"; sourceTree = "<group>"; };
/* End PBXFileReference section */

/* Begin PBXFrameworksBuildPhase section */
		698ED72A1DC216E1002D0D85 /* Frameworks */ = {
			isa = PBXFrameworksBuildPhase;
			buildActionMask = 2147483647;
			files = (
				0CCCB133859613EAFF1FA32C /* Pods_CoreDataDemo.framework in Frameworks */,
			);
			runOnlyForDeploymentPostprocessing = 0;
		};
/* End PBXFrameworksBuildPhase section */

/* Begin PBXGroup section */
		6923615C1DC21BF1000E7868 /* Model */ = {
			isa = PBXGroup;
			children = (
				6923615D1DC21BFF000E7868 /* User.swift */,
			);
			path = Model;
			sourceTree = "<group>";
		};
		694DA8541DC2172300F7D067 /* Source */ = {
			isa = PBXGroup;
			children = (
				694DA8581DC2174200F7D067 /* AppDelegate */,
				694DA8591DC2174800F7D067 /* Controllers */,
				6923615C1DC21BF1000E7868 /* Model */,
			);
			path = Source;
			sourceTree = "<group>";
		};
		694DA8551DC2173100F7D067 /* Interface */ = {
			isa = PBXGroup;
			children = (
				698ED7391DC216E1002D0D85 /* LaunchScreen.storyboard */,
				698ED7341DC216E1002D0D85 /* Main.storyboard */,
			);
			path = Interface;
			sourceTree = "<group>";
		};
		694DA8561DC2173600F7D067 /* Artwork */ = {
			isa = PBXGroup;
			children = (
				698ED7371DC216E1002D0D85 /* Assets.xcassets */,
			);
			path = Artwork;
			sourceTree = "<group>";
		};
		694DA8571DC2173C00F7D067 /* Resources */ = {
			isa = PBXGroup;
			children = (
				698ED73C1DC216E1002D0D85 /* Info.plist */,
			);
			path = Resources;
			sourceTree = "<group>";
		};
		694DA8581DC2174200F7D067 /* AppDelegate */ = {
			isa = PBXGroup;
			children = (
				698ED7301DC216E1002D0D85 /* AppDelegate.swift */,
			);
			path = AppDelegate;
			sourceTree = "<group>";
		};
		694DA8591DC2174800F7D067 /* Controllers */ = {
			isa = PBXGroup;
			children = (
				698ED7321DC216E1002D0D85 /* ViewController.swift */,
			);
			path = Controllers;
			sourceTree = "<group>";
		};
		698ED7241DC216E1002D0D85 = {
			isa = PBXGroup;
			children = (
				698ED72F1DC216E1002D0D85 /* CoreDataDemo */,
				73E6CF8F68F31F1D3F07B31D /* Frameworks */,
				97CA79DCCD2365A5C7DF4572 /* Pods */,
				698ED72E1DC216E1002D0D85 /* Products */,
			);
			sourceTree = "<group>";
		};
		698ED72E1DC216E1002D0D85 /* Products */ = {
			isa = PBXGroup;
			children = (
				698ED72D1DC216E1002D0D85 /* CoreDataDemo.app */,
			);
			name = Products;
			sourceTree = "<group>";
		};
		698ED72F1DC216E1002D0D85 /* CoreDataDemo */ = {
			isa = PBXGroup;
			children = (
				694DA8561DC2173600F7D067 /* Artwork */,
				694DA8551DC2173100F7D067 /* Interface */,
				694DA8571DC2173C00F7D067 /* Resources */,
				694DA8541DC2172300F7D067 /* Source */,
			);
			path = CoreDataDemo;
			sourceTree = "<group>";
		};
		73E6CF8F68F31F1D3F07B31D /* Frameworks */ = {
			isa = PBXGroup;
			children = (
				48CC08F672D4466C58667248 /* Pods_CoreDataDemo.framework */,
			);
			name = Frameworks;
			sourceTree = "<group>";
		};
		97CA79DCCD2365A5C7DF4572 /* Pods */ = {
			isa = PBXGroup;
			children = (
				0A1E14109BBBC88B8FE50D71 /* Pods-CoreDataDemo.debug.xcconfig */,
				6E6AD0265675D798F277F2D7 /* Pods-CoreDataDemo.release.xcconfig */,
			);
			name = Pods;
			sourceTree = "<group>";
		};
/* End PBXGroup section */

/* Begin PBXNativeTarget section */
		698ED72C1DC216E1002D0D85 /* CoreDataDemo */ = {
			isa = PBXNativeTarget;
			buildConfigurationList = 698ED73F1DC216E1002D0D85 /* Build configuration list for PBXNativeTarget "CoreDataDemo" */;
			buildPhases = (
				9B07092FA17F11C6C9BE5FC7 /* [CP] Check Pods Manifest.lock */,
				698ED7291DC216E1002D0D85 /* Sources */,
				698ED72A1DC216E1002D0D85 /* Frameworks */,
				698ED72B1DC216E1002D0D85 /* Resources */,
				77A84D691281B7744E22E748 /* [CP] Embed Pods Frameworks */,
				C412641F6656643BD788E6BE /* [CP] Copy Pods Resources */,
			);
			buildRules = (
			);
			dependencies = (
			);
			name = CoreDataDemo;
			productName = CoreDataDemo;
			productReference = 698ED72D1DC216E1002D0D85 /* CoreDataDemo.app */;
			productType = "com.apple.product-type.application";
		};
/* End PBXNativeTarget section */

/* Begin PBXProject section */
		698ED7251DC216E1002D0D85 /* Project object */ = {
			isa = PBXProject;
			attributes = {
				LastSwiftUpdateCheck = 0800;
				LastUpgradeCheck = 0800;
				ORGANIZATIONNAME = "Arturo Carretero Calvo";
				TargetAttributes = {
					698ED72C1DC216E1002D0D85 = {
						CreatedOnToolsVersion = 8.0;
						DevelopmentTeam = Q4X55987WE;
						ProvisioningStyle = Automatic;
					};
				};
			};
			buildConfigurationList = 698ED7281DC216E1002D0D85 /* Build configuration list for PBXProject "CoreDataDemo" */;
			compatibilityVersion = "Xcode 3.2";
			developmentRegion = English;
			hasScannedForEncodings = 0;
			knownRegions = (
				en,
				Base,
			);
			mainGroup = 698ED7241DC216E1002D0D85;
			productRefGroup = 698ED72E1DC216E1002D0D85 /* Products */;
			projectDirPath = "";
			projectRoot = "";
			targets = (
				698ED72C1DC216E1002D0D85 /* CoreDataDemo */,
			);
		};
/* End PBXProject section */

/* Begin PBXResourcesBuildPhase section */
		698ED72B1DC216E1002D0D85 /* Resources */ = {
			isa = PBXResourcesBuildPhase;
			buildActionMask = 2147483647;
			files = (
				698ED73B1DC216E1002D0D85 /* LaunchScreen.storyboard in Resources */,
				698ED7381DC216E1002D0D85 /* Assets.xcassets in Resources */,
				698ED7361DC216E1002D0D85 /* Main.storyboard in Resources */,
			);
			runOnlyForDeploymentPostprocessing = 0;
		};
/* End PBXResourcesBuildPhase section */

/* Begin PBXShellScriptBuildPhase section */
		77A84D691281B7744E22E748 /* [CP] Embed Pods Frameworks */ = {
			isa = PBXShellScriptBuildPhase;
			buildActionMask = 2147483647;
			files = (
			);
			inputPaths = (
			);
			name = "[CP] Embed Pods Frameworks";
			outputPaths = (
			);
			runOnlyForDeploymentPostprocessing = 0;
			shellPath = /bin/sh;
			shellScript = "\"${SRCROOT}/Pods/Target Support Files/Pods-CoreDataDemo/Pods-CoreDataDemo-frameworks.sh\"\n";
			showEnvVarsInLog = 0;
		};
		9B07092FA17F11C6C9BE5FC7 /* [CP] Check Pods Manifest.lock */ = {
			isa = PBXShellScriptBuildPhase;
			buildActionMask = 2147483647;
			files = (
			);
			inputPaths = (
			);
			name = "[CP] Check Pods Manifest.lock";
			outputPaths = (
			);
			runOnlyForDeploymentPostprocessing = 0;
			shellPath = /bin/sh;
			shellScript = "diff \"${PODS_ROOT}/../Podfile.lock\" \"${PODS_ROOT}/Manifest.lock\" > /dev/null\nif [ $? != 0 ] ; then\n    # print error to STDERR\n    echo \"error: The sandbox is not in sync with the Podfile.lock. Run 'pod install' or update your CocoaPods installation.\" >&2\n    exit 1\nfi\n";
			showEnvVarsInLog = 0;
		};
		C412641F6656643BD788E6BE /* [CP] Copy Pods Resources */ = {
			isa = PBXShellScriptBuildPhase;
			buildActionMask = 2147483647;
			files = (
			);
			inputPaths = (
			);
			name = "[CP] Copy Pods Resources";
			outputPaths = (
			);
			runOnlyForDeploymentPostprocessing = 0;
			shellPath = /bin/sh;
			shellScript = "\"${SRCROOT}/Pods/Target Support Files/Pods-CoreDataDemo/Pods-CoreDataDemo-resources.sh\"\n";
			showEnvVarsInLog = 0;
		};
/* End PBXShellScriptBuildPhase section */

/* Begin PBXSourcesBuildPhase section */
		698ED7291DC216E1002D0D85 /* Sources */ = {
			isa = PBXSourcesBuildPhase;
			buildActionMask = 2147483647;
			files = (
				698ED7331DC216E1002D0D85 /* ViewController.swift in Sources */,
				698ED7311DC216E1002D0D85 /* AppDelegate.swift in Sources */,
				6923615E1DC21BFF000E7868 /* User.swift in Sources */,
			);
			runOnlyForDeploymentPostprocessing = 0;
		};
/* End PBXSourcesBuildPhase section */

/* Begin PBXVariantGroup section */
		698ED7341DC216E1002D0D85 /* Main.storyboard */ = {
			isa = PBXVariantGroup;
			children = (
				698ED7351DC216E1002D0D85 /* Base */,
			);
			name = Main.storyboard;
			path = .;
			sourceTree = "<group>";
		};
		698ED7391DC216E1002D0D85 /* LaunchScreen.storyboard */ = {
			isa = PBXVariantGroup;
			children = (
				698ED73A1DC216E1002D0D85 /* Base */,
			);
			name = LaunchScreen.storyboard;
			path = .;
			sourceTree = "<group>";
		};
/* End PBXVariantGroup section */

/* Begin XCBuildConfiguration section */
		698ED73D1DC216E1002D0D85 /* Debug */ = {
			isa = XCBuildConfiguration;
			buildSettings = {
				ALWAYS_SEARCH_USER_PATHS = NO;
				CLANG_ANALYZER_NONNULL = YES;
				CLANG_CXX_LANGUAGE_STANDARD = "gnu++0x";
				CLANG_CXX_LIBRARY = "libc++";
				CLANG_ENABLE_MODULES = YES;
				CLANG_ENABLE_OBJC_ARC = YES;
				CLANG_WARN_BOOL_CONVERSION = YES;
				CLANG_WARN_CONSTANT_CONVERSION = YES;
				CLANG_WARN_DIRECT_OBJC_ISA_USAGE = YES_ERROR;
				CLANG_WARN_DOCUMENTATION_COMMENTS = YES;
				CLANG_WARN_EMPTY_BODY = YES;
				CLANG_WARN_ENUM_CONVERSION = YES;
				CLANG_WARN_INFINITE_RECURSION = YES;
				CLANG_WARN_INT_CONVERSION = YES;
				CLANG_WARN_OBJC_ROOT_CLASS = YES_ERROR;
				CLANG_WARN_SUSPICIOUS_MOVES = YES;
				CLANG_WARN_UNREACHABLE_CODE = YES;
				CLANG_WARN__DUPLICATE_METHOD_MATCH = YES;
				"CODE_SIGN_IDENTITY[sdk=iphoneos*]" = "iPhone Developer";
				COPY_PHASE_STRIP = NO;
				DEBUG_INFORMATION_FORMAT = dwarf;
				ENABLE_STRICT_OBJC_MSGSEND = YES;
				ENABLE_TESTABILITY = YES;
				GCC_C_LANGUAGE_STANDARD = gnu99;
				GCC_DYNAMIC_NO_PIC = NO;
				GCC_NO_COMMON_BLOCKS = YES;
				GCC_OPTIMIZATION_LEVEL = 0;
				GCC_PREPROCESSOR_DEFINITIONS = (
					"DEBUG=1",
					"$(inherited)",
				);
				GCC_WARN_64_TO_32_BIT_CONVERSION = YES;
				GCC_WARN_ABOUT_RETURN_TYPE = YES_ERROR;
				GCC_WARN_UNDECLARED_SELECTOR = YES;
				GCC_WARN_UNINITIALIZED_AUTOS = YES_AGGRESSIVE;
				GCC_WARN_UNUSED_FUNCTION = YES;
				GCC_WARN_UNUSED_VARIABLE = YES;
				IPHONEOS_DEPLOYMENT_TARGET = 8.0;
				MTL_ENABLE_DEBUG_INFO = YES;
				ONLY_ACTIVE_ARCH = YES;
				SDKROOT = iphoneos;
				SWIFT_ACTIVE_COMPILATION_CONDITIONS = DEBUG;
				SWIFT_OPTIMIZATION_LEVEL = "-Onone";
				TARGETED_DEVICE_FAMILY = "1,2";
			};
			name = Debug;
		};
		698ED73E1DC216E1002D0D85 /* Release */ = {
			isa = XCBuildConfiguration;
			buildSettings = {
				ALWAYS_SEARCH_USER_PATHS = NO;
				CLANG_ANALYZER_NONNULL = YES;
				CLANG_CXX_LANGUAGE_STANDARD = "gnu++0x";
				CLANG_CXX_LIBRARY = "libc++";
				CLANG_ENABLE_MODULES = YES;
				CLANG_ENABLE_OBJC_ARC = YES;
				CLANG_WARN_BOOL_CONVERSION = YES;
				CLANG_WARN_CONSTANT_CONVERSION = YES;
				CLANG_WARN_DIRECT_OBJC_ISA_USAGE = YES_ERROR;
				CLANG_WARN_DOCUMENTATION_COMMENTS = YES;
				CLANG_WARN_EMPTY_BODY = YES;
				CLANG_WARN_ENUM_CONVERSION = YES;
				CLANG_WARN_INFINITE_RECURSION = YES;
				CLANG_WARN_INT_CONVERSION = YES;
				CLANG_WARN_OBJC_ROOT_CLASS = YES_ERROR;
				CLANG_WARN_SUSPICIOUS_MOVES = YES;
				CLANG_WARN_UNREACHABLE_CODE = YES;
				CLANG_WARN__DUPLICATE_METHOD_MATCH = YES;
				"CODE_SIGN_IDENTITY[sdk=iphoneos*]" = "iPhone Developer";
				COPY_PHASE_STRIP = NO;
				DEBUG_INFORMATION_FORMAT = "dwarf-with-dsym";
				ENABLE_NS_ASSERTIONS = NO;
				ENABLE_STRICT_OBJC_MSGSEND = YES;
				GCC_C_LANGUAGE_STANDARD = gnu99;
				GCC_NO_COMMON_BLOCKS = YES;
				GCC_WARN_64_TO_32_BIT_CONVERSION = YES;
				GCC_WARN_ABOUT_RETURN_TYPE = YES_ERROR;
				GCC_WARN_UNDECLARED_SELECTOR = YES;
				GCC_WARN_UNINITIALIZED_AUTOS = YES_AGGRESSIVE;
				GCC_WARN_UNUSED_FUNCTION = YES;
				GCC_WARN_UNUSED_VARIABLE = YES;
				IPHONEOS_DEPLOYMENT_TARGET = 8.0;
				MTL_ENABLE_DEBUG_INFO = NO;
				SDKROOT = iphoneos;
				SWIFT_OPTIMIZATION_LEVEL = "-Owholemodule";
				TARGETED_DEVICE_FAMILY = "1,2";
				VALIDATE_PRODUCT = YES;
			};
			name = Release;
		};
		698ED7401DC216E1002D0D85 /* Debug */ = {
			isa = XCBuildConfiguration;
			baseConfigurationReference = 0A1E14109BBBC88B8FE50D71 /* Pods-CoreDataDemo.debug.xcconfig */;
			buildSettings = {
				ASSETCATALOG_COMPILER_APPICON_NAME = AppIcon;
				DEVELOPMENT_TEAM = Q4X55987WE;
				INFOPLIST_FILE = CoreDataDemo/Resources/Info.plist;
				IPHONEOS_DEPLOYMENT_TARGET = 8.0;
				LD_RUNPATH_SEARCH_PATHS = "$(inherited) @executable_path/Frameworks";
				PRODUCT_BUNDLE_IDENTIFIER = com.artcc.CoreDataDemo;
				PRODUCT_NAME = "$(TARGET_NAME)";
				SWIFT_VERSION = 3.0;
			};
			name = Debug;
		};
		698ED7411DC216E1002D0D85 /* Release */ = {
			isa = XCBuildConfiguration;
			baseConfigurationReference = 6E6AD0265675D798F277F2D7 /* Pods-CoreDataDemo.release.xcconfig */;
			buildSettings = {
				ASSETCATALOG_COMPILER_APPICON_NAME = AppIcon;
				DEVELOPMENT_TEAM = Q4X55987WE;
				INFOPLIST_FILE = CoreDataDemo/Resources/Info.plist;
				IPHONEOS_DEPLOYMENT_TARGET = 8.0;
				LD_RUNPATH_SEARCH_PATHS = "$(inherited) @executable_path/Frameworks";
				PRODUCT_BUNDLE_IDENTIFIER = com.artcc.CoreDataDemo;
				PRODUCT_NAME = "$(TARGET_NAME)";
				SWIFT_VERSION = 3.0;
			};
			name = Release;
		};
/* End XCBuildConfiguration section */

/* Begin XCConfigurationList section */
		698ED7281DC216E1002D0D85 /* Build configuration list for PBXProject "CoreDataDemo" */ = {
			isa = XCConfigurationList;
			buildConfigurations = (
				698ED73D1DC216E1002D0D85 /* Debug */,
				698ED73E1DC216E1002D0D85 /* Release */,
			);
			defaultConfigurationIsVisible = 0;
			defaultConfigurationName = Release;
		};
		698ED73F1DC216E1002D0D85 /* Build configuration list for PBXNativeTarget "CoreDataDemo" */ = {
			isa = XCConfigurationList;
			buildConfigurations = (
				698ED7401DC216E1002D0D85 /* Debug */,
				698ED7411DC216E1002D0D85 /* Release */,
			);
			defaultConfigurationIsVisible = 0;
			defaultConfigurationName = Release;
		};
/* End XCConfigurationList section */
	};
	rootObject = 698ED7251DC216E1002D0D85 /* Project object */;
}
